# This file is autogenerated, do not edit; changes may be undone by the next 'dep ensure'.


[[projects]]
  branch = "master"
  name = "github.com/Scalingo/envconfig"
  packages = ["."]
  revision = "8eb48cc6f27eafda8e3a9627edba494a1d229a01"

[[projects]]
  branch = "master"
  name = "github.com/Scalingo/go-gitremote"
  packages = ["."]
  revision = "97b505dac0c3696d7395d6627494ec105a69280f"

[[projects]]
  branch = "master"
  name = "github.com/Scalingo/go-scalingo"
  packages = [
    ".",
    "billing",
    "debug",
    "io"
  ]
  revision = "c2cc4c3fc2d5fa484390d629021f74484e1e9f91"

[[projects]]
  branch = "master"
  name = "github.com/Scalingo/gopassword"
  packages = ["."]
  revision = "27d6fc05ae4d0cba5a5c646925f3aec369353ca1"

[[projects]]
  branch = "master"
  name = "github.com/Soulou/errgo-rollbar"
  packages = ["."]
  revision = "2f7de2c8755a840bfcf34b2b6508e86eba0fbccc"

[[projects]]
  branch = "master"
  name = "github.com/andrew-d/go-termutil"
  packages = ["."]
  revision = "009166a695a2f516c749a26b4ac1f183d89aa336"

[[projects]]
  name = "github.com/fatih/color"
  packages = ["."]
  revision = "62e9147c64a1ed519147b62a56a14e83e2be02c1"

[[projects]]
  name = "github.com/golang/protobuf"
  packages = ["proto"]
  revision = "925541529c1fa6821df4e44ce2723319eb2be768"
  version = "v1.0.0"

[[projects]]
  name = "github.com/heroku/hk"
  packages = ["term"]
  revision = "9529c565876399db5b99c815664845ace7f6fd1a"

[[projects]]
  name = "github.com/howeyc/gopass"
  packages = ["."]
  revision = "f5387c492211eb133053880d23dfae62aa14123d"

[[projects]]
  name = "github.com/mattn/go-colorable"
  packages = ["."]
  revision = "ded68f7a9561c023e790de24279db7ebf473ea80"

[[projects]]
  name = "github.com/mattn/go-isatty"
  packages = ["."]
  revision = "fc9e8d8ef48496124e79ae0df75490096eccf6fe"
  version = "v0.0.2"

[[projects]]
  name = "github.com/olekukonko/tablewriter"
  packages = ["."]
  revision = "6ff773c8e48084f8800c53f6ca3557c1236388cd"

[[projects]]
  name = "github.com/pkg/errors"
  packages = ["."]
  revision = "a2d6902c6d2a2f194eb3fb474981ab7867c81505"

[[projects]]
  name = "github.com/stvp/rollbar"
  packages = ["."]
  revision = "292188c2b3067786458d2dac9cea1b61c3661063"

[[projects]]
  name = "github.com/urfave/cli"
  packages = ["."]
  revision = "d70f47eeca3afd795160003bc6e28b001d60c67c"

[[projects]]
  name = "golang.org/x/crypto"
  packages = [
    "curve25519",
    "ed25519",
    "ed25519/internal/edwards25519",
    "ssh",
    "ssh/agent",
    "ssh/terminal"
  ]
  revision = "811831de4c4dd03a0b8737233af3b36852386373"

[[projects]]
  branch = "master"
  name = "golang.org/x/net"
  packages = [
    "context",
    "context/ctxhttp",
    "websocket"
  ]
  revision = "d25186b37f34ebdbbea8f488ef055638dfab272d"

[[projects]]
  branch = "master"
  name = "golang.org/x/oauth2"
  packages = [
    ".",
    "internal"
  ]
  revision = "2f32c3ac0fa4fb807a0fcefb0b6f2468a0d99bd0"

[[projects]]
  name = "golang.org/x/sys"
  packages = ["unix"]
  revision = "a646d33e2ee3172a661fc09bca23bb4889a41bc8"

[[projects]]
  name = "google.golang.org/appengine"
  packages = [
    "internal",
    "internal/base",
    "internal/datastore",
    "internal/log",
    "internal/remote_api",
    "internal/urlfetch",
    "urlfetch"
  ]
  revision = "150dc57a1b433e64154302bdc40b6bb8aefa313a"
  version = "v1.0.0"

[[projects]]
  branch = "v1"
  name = "gopkg.in/errgo.v1"
  packages = ["."]
  revision = "442357a80af5c6bf9b6d51ae791a39c3421004f3"

[solve-meta]
  analyzer-name = "dep"
  analyzer-version = 1
  inputs-digest = "b3ea42dadf794ef6fffae3b1b3ab939722753d32f56a13341fd9cca319e734df"
  solver-name = "gps-cdcl"
  solver-version = 1
